
Microsoft Visual Studio Solution File, Format Version 12.00
# Visual Studio 15
VisualStudioVersion = 15.0.27130.2027
MinimumVisualStudioVersion = 10.0.40219.1
Project("{FAE04EC0-301F-11D3-BF4B-00C04F79EFBC}") = "CarFillingSolution", "CarFillingSolution\CarFillingSolution.csproj", "{37784744-03C1-48E4-A24D-AD6E1E6401CE}"
EndProject
Global
	GlobalSection(SolutionConfigurationPlatforms) = preSolution
		Debug|Any CPU = Debug|Any CPU
		Release|Any CPU = Release|Any CPU
	EndGlobalSection
	GlobalSection(ProjectConfigurationPlatforms) = postSolution
		{37784744-03C1-48E4-A24D-AD6E1E6401CE}.Debug|Any CPU.ActiveCfg = Debug|Any CPU
		{37784744-03C1-48E4-A24D-AD6E1E6401CE}.Debug|Any CPU.Build.0 = Debug|Any CPU
		{37784744-03C1-48E4-A24D-AD6E1E6401CE}.Release|Any CPU.ActiveCfg = Release|Any CPU
		{37784744-03C1-48E4-A24D-AD6E1E6401CE}.Release|Any CPU.Build.0 = Release|Any CPU
	EndGlobalSection
	GlobalSection(SolutionProperties) = preSolution
		HideSolutionNode = FALSE
	EndGlobalSection
	GlobalSection(ExtensibilityGlobals) = postSolution
		SolutionGuid = {BC845CE7-CC9B-456C-A612-0F0FF61B6DD1}
	EndGlobalSection
EndGlobal
